
Microsoft Visual Studio Solution File, Format Version 12.00
# Visual Studio Version 17
VisualStudioVersion = 17.14.36623.8
MinimumVisualStudioVersion = 10.0.40219.1
Project("{FAE04EC0-301F-11D3-BF4B-00C04F79EFBC}") = "WebApplication1", "WebApplication1.csproj", "{38417C5D-4DE8-40E7-AD19-5AB3D81E24EB}"
EndProject
Project("{FAE04EC0-301F-11D3-BF4B-00C04F79EFBC}") = "WebApplication2", "..\WebApplication2\WebApplication2.csproj", "{65EE9E5A-D87A-4108-962D-8B20F662FA5E}"
EndProject
Global
	GlobalSection(SolutionConfigurationPlatforms) = preSolution
		Debug|Any CPU = Debug|Any CPU
		Release|Any CPU = Release|Any CPU
	EndGlobalSection
	GlobalSection(ProjectConfigurationPlatforms) = postSolution
		{38417C5D-4DE8-40E7-AD19-5AB3D81E24EB}.Debug|Any CPU.ActiveCfg = Debug|Any CPU
		{38417C5D-4DE8-40E7-AD19-5AB3D81E24EB}.Debug|Any CPU.Build.0 = Debug|Any CPU
		{38417C5D-4DE8-40E7-AD19-5AB3D81E24EB}.Release|Any CPU.ActiveCfg = Release|Any CPU
		{38417C5D-4DE8-40E7-AD19-5AB3D81E24EB}.Release|Any CPU.Build.0 = Release|Any CPU
		{65EE9E5A-D87A-4108-962D-8B20F662FA5E}.Debug|Any CPU.ActiveCfg = Debug|Any CPU
		{65EE9E5A-D87A-4108-962D-8B20F662FA5E}.Debug|Any CPU.Build.0 = Debug|Any CPU
		{65EE9E5A-D87A-4108-962D-8B20F662FA5E}.Release|Any CPU.ActiveCfg = Release|Any CPU
		{65EE9E5A-D87A-4108-962D-8B20F662FA5E}.Release|Any CPU.Build.0 = Release|Any CPU
	EndGlobalSection
	GlobalSection(SolutionProperties) = preSolution
		HideSolutionNode = FALSE
	EndGlobalSection
	GlobalSection(ExtensibilityGlobals) = postSolution
		SolutionGuid = {2B742AF0-65F5-4471-8EAA-516835E36025}
	EndGlobalSection
EndGlobal
