
Microsoft Visual Studio Solution File, Format Version 12.00
# Visual Studio Version 17
VisualStudioVersion = 17.14.36310.24 d17.14
MinimumVisualStudioVersion = 10.0.40219.1
Project("{FAE04EC0-301F-11D3-BF4B-00C04F79EFBC}") = "WindowsFormsApp1", "WindowsFormsApp1.csproj", "{A6C986C3-860C-4373-81A3-88049ADCC8E4}"
EndProject
Global
	GlobalSection(SolutionConfigurationPlatforms) = preSolution
		Debug|Any CPU = Debug|Any CPU
		Release|Any CPU = Release|Any CPU
	EndGlobalSection
	GlobalSection(ProjectConfigurationPlatforms) = postSolution
		{A6C986C3-860C-4373-81A3-88049ADCC8E4}.Debug|Any CPU.ActiveCfg = Debug|Any CPU
		{A6C986C3-860C-4373-81A3-88049ADCC8E4}.Debug|Any CPU.Build.0 = Debug|Any CPU
		{A6C986C3-860C-4373-81A3-88049ADCC8E4}.Release|Any CPU.ActiveCfg = Release|Any CPU
		{A6C986C3-860C-4373-81A3-88049ADCC8E4}.Release|Any CPU.Build.0 = Release|Any CPU
	EndGlobalSection
	GlobalSection(SolutionProperties) = preSolution
		HideSolutionNode = FALSE
	EndGlobalSection
	GlobalSection(ExtensibilityGlobals) = postSolution
		SolutionGuid = {185D2672-C59E-4EE9-BCFC-15FFA0FBA189}
	EndGlobalSection
EndGlobal
